
Microsoft Visual Studio Solution File, Format Version 12.00
# Visual Studio Version 17
VisualStudioVersion = 17.11.35303.130
MinimumVisualStudioVersion = 10.0.40219.1
Project("{9A19103F-16F7-4668-BE54-9A1E7A4F7556}") = "Candidate_BusinessObjects", "Candidata_BussinessObjects\Candidate_BusinessObjects.csproj", "{9ADFE12F-7C99-4ACE-B5B3-1FF33B2B34F3}"
EndProject
Project("{9A19103F-16F7-4668-BE54-9A1E7A4F7556}") = "Candidate_Repository", "Candidate_Repository\Candidate_Repository.csproj", "{97B92F57-E2ED-4E90-8084-56E180421960}"
EndProject
Project("{9A19103F-16F7-4668-BE54-9A1E7A4F7556}") = "Candidate_Services", "Candidate_Services\Candidate_Services.csproj", "{87B32167-3C29-4B53-8A95-4E9F0B504AFC}"
EndProject
Project("{9A19103F-16F7-4668-BE54-9A1E7A4F7556}") = "Candidate_DAO", "Candidate_DAO\Candidate_DAO.csproj", "{717CF6F0-AFAC-46A3-977E-F32D0DAF40E4}"
EndProject
Project("{9A19103F-16F7-4668-BE54-9A1E7A4F7556}") = "CandidateManagement_PHAMTRUNGTIN_SE183485", "CandidateManagement_PHAMTRUNGTIN_SE183485\CandidateManagement_PHAMTRUNGTIN_SE183485.csproj", "{C81CCCFA-1675-4D36-A31A-49C598FF592F}"
EndProject
Global
	GlobalSection(SolutionConfigurationPlatforms) = preSolution
		Debug|Any CPU = Debug|Any CPU
		Release|Any CPU = Release|Any CPU
	EndGlobalSection
	GlobalSection(ProjectConfigurationPlatforms) = postSolution
		{9ADFE12F-7C99-4ACE-B5B3-1FF33B2B34F3}.Debug|Any CPU.ActiveCfg = Debug|Any CPU
		{9ADFE12F-7C99-4ACE-B5B3-1FF33B2B34F3}.Debug|Any CPU.Build.0 = Debug|Any CPU
		{9ADFE12F-7C99-4ACE-B5B3-1FF33B2B34F3}.Release|Any CPU.ActiveCfg = Release|Any CPU
		{9ADFE12F-7C99-4ACE-B5B3-1FF33B2B34F3}.Release|Any CPU.Build.0 = Release|Any CPU
		{97B92F57-E2ED-4E90-8084-56E180421960}.Debug|Any CPU.ActiveCfg = Debug|Any CPU
		{97B92F57-E2ED-4E90-8084-56E180421960}.Debug|Any CPU.Build.0 = Debug|Any CPU
		{97B92F57-E2ED-4E90-8084-56E180421960}.Release|Any CPU.ActiveCfg = Release|Any CPU
		{97B92F57-E2ED-4E90-8084-56E180421960}.Release|Any CPU.Build.0 = Release|Any CPU
		{87B32167-3C29-4B53-8A95-4E9F0B504AFC}.Debug|Any CPU.ActiveCfg = Debug|Any CPU
		{87B32167-3C29-4B53-8A95-4E9F0B504AFC}.Debug|Any CPU.Build.0 = Debug|Any CPU
		{87B32167-3C29-4B53-8A95-4E9F0B504AFC}.Release|Any CPU.ActiveCfg = Release|Any CPU
		{87B32167-3C29-4B53-8A95-4E9F0B504AFC}.Release|Any CPU.Build.0 = Release|Any CPU
		{717CF6F0-AFAC-46A3-977E-F32D0DAF40E4}.Debug|Any CPU.ActiveCfg = Debug|Any CPU
		{717CF6F0-AFAC-46A3-977E-F32D0DAF40E4}.Debug|Any CPU.Build.0 = Debug|Any CPU
		{717CF6F0-AFAC-46A3-977E-F32D0DAF40E4}.Release|Any CPU.ActiveCfg = Release|Any CPU
		{717CF6F0-AFAC-46A3-977E-F32D0DAF40E4}.Release|Any CPU.Build.0 = Release|Any CPU
		{C81CCCFA-1675-4D36-A31A-49C598FF592F}.Debug|Any CPU.ActiveCfg = Debug|Any CPU
		{C81CCCFA-1675-4D36-A31A-49C598FF592F}.Debug|Any CPU.Build.0 = Debug|Any CPU
		{C81CCCFA-1675-4D36-A31A-49C598FF592F}.Release|Any CPU.ActiveCfg = Release|Any CPU
		{C81CCCFA-1675-4D36-A31A-49C598FF592F}.Release|Any CPU.Build.0 = Release|Any CPU
	EndGlobalSection
	GlobalSection(SolutionProperties) = preSolution
		HideSolutionNode = FALSE
	EndGlobalSection
	GlobalSection(ExtensibilityGlobals) = postSolution
		SolutionGuid = {5C0267F4-5815-42F7-AE1C-2E86E44FAA47}
	EndGlobalSection
EndGlobal
